
Microsoft Visual Studio Solution File, Format Version 12.00
# Visual Studio Version 16
VisualStudioVersion = 16.0.30204.135
MinimumVisualStudioVersion = 10.0.40219.1
Project("{FAE04EC0-301F-11D3-BF4B-00C04F79EFBC}") = "SunMQTT_Stats", "SunMQTT_Stats.csproj", "{F7B86825-206C-4438-89EF-3BD5B858352B}"
EndProject
Global
	GlobalSection(SolutionConfigurationPlatforms) = preSolution
		Debug|Any CPU = Debug|Any CPU
		Release|Any CPU = Release|Any CPU
	EndGlobalSection
	GlobalSection(ProjectConfigurationPlatforms) = postSolution
		{F7B86825-206C-4438-89EF-3BD5B858352B}.Debug|Any CPU.ActiveCfg = Debug|Any CPU
		{F7B86825-206C-4438-89EF-3BD5B858352B}.Debug|Any CPU.Build.0 = Debug|Any CPU
		{F7B86825-206C-4438-89EF-3BD5B858352B}.Release|Any CPU.ActiveCfg = Release|Any CPU
		{F7B86825-206C-4438-89EF-3BD5B858352B}.Release|Any CPU.Build.0 = Release|Any CPU
	EndGlobalSection
	GlobalSection(SolutionProperties) = preSolution
		HideSolutionNode = FALSE
	EndGlobalSection
	GlobalSection(ExtensibilityGlobals) = postSolution
		SolutionGuid = {914A0B56-F12E-4386-AA27-55182AF76F65}
	EndGlobalSection
EndGlobal
